// !$*UTF8*$!
{
	archiveVersion = 1;
	classes = {
	};
	objectVersion = 48;
	objects = {

/* Begin PBXBuildFile section */
		20702E3E1FECEF5200A5BB6A /* AppDelegate.m in Sources */ = {isa = PBXBuildFile; fileRef = 20702E3D1FECEF5200A5BB6A /* AppDelegate.m */; };
		20702E411FECEF5200A5BB6A /* ViewController.m in Sources */ = {isa = PBXBuildFile; fileRef = 20702E401FECEF5200A5BB6A /* ViewController.m */; };
		20702E441FECEF5200A5BB6A /* Main.storyboard in Resources */ = {isa = PBXBuildFile; fileRef = 20702E421FECEF5200A5BB6A /* Main.storyboard */; };
		20702E461FECEF5200A5BB6A /* Assets.xcassets in Resources */ = {isa = PBXBuildFile; fileRef = 20702E451FECEF5200A5BB6A /* Assets.xcassets */; };
		20702E491FECEF5200A5BB6A /* LaunchScreen.storyboard in Resources */ = {isa = PBXBuildFile; fileRef = 20702E471FECEF5200A5BB6A /* LaunchScreen.storyboard */; };
		20702E4C1FECEF5200A5BB6A /* main.m in Sources */ = {isa = PBXBuildFile; fileRef = 20702E4B1FECEF5200A5BB6A /* main.m */; };
/* End PBXBuildFile section */

/* Begin PBXFileReference section */
		20702E391FECEF5200A5BB6A /* WaterFlowLayout.app */ = {isa = PBXFileReference; explicitFileType = wrapper.application; includeInIndex = 0; path = WaterFlowLayout.app; sourceTree = BUILT_PRODUCTS_DIR; };
		20702E3C1FECEF5200A5BB6A /* AppDelegate.h */ = {isa = PBXFileReference; lastKnownFileType = sourcecode.c.h; path = AppDelegate.h; sourceTree = "<group>"; };
		20702E3D1FECEF5200A5BB6A /* AppDelegate.m */ = {isa = PBXFileReference; lastKnownFileType = sourcecode.c.objc; path = AppDelegate.m; sourceTree = "<group>"; };
		20702E3F1FECEF5200A5BB6A /* ViewController.h */ = {isa = PBXFileReference; lastKnownFileType = sourcecode.c.h; path = ViewController.h; sourceTree = "<group>"; };
		20702E401FECEF5200A5BB6A /* ViewController.m */ = {isa = PBXFileReference; lastKnownFileType = sourcecode.c.objc; path = ViewController.m; sourceTree = "<group>"; };
		20702E431FECEF5200A5BB6A /* Base */ = {isa = PBXFileReference; lastKnownFileType = file.storyboard; name = Base; path = Base.lproj/Main.storyboard; sourceTree = "<group>"; };
		20702E451FECEF5200A5BB6A /* Assets.xcassets */ = {isa = PBXFileReference; lastKnownFileType = folder.assetcatalog; path = Assets.xcassets; sourceTree = "<group>"; };
		20702E481FECEF5200A5BB6A /* Base */ = {isa = PBXFileReference; lastKnownFileType = file.storyboard; name = Base; path = Base.lproj/LaunchScreen.storyboard; sourceTree = "<group>"; };
		20702E4A1FECEF5200A5BB6A /* Info.plist */ = {isa = PBXFileReference; lastKnownFileType = text.plist.xml; path = Info.plist; sourceTree = "<group>"; };
		20702E4B1FECEF5200A5BB6A /* main.m */ = {isa = PBXFileReference; lastKnownFileType = sourcecode.c.objc; path = main.m; sourceTree = "<group>"; };
/* End PBXFileReference section */

/* Begin PBXFrameworksBuildPhase section */
		20702E361FECEF5200A5BB6A /* Frameworks */ = {
			isa = PBXFrameworksBuildPhase;
			buildActionMask = 2147483647;
			files = (
			);
			runOnlyForDeploymentPostprocessing = 0;
		};
/* End PBXFrameworksBuildPhase section */

/* Begin PBXGroup section */
		20702E301FECEF5200A5BB6A = {
			isa = PBXGroup;
			children = (
				20702E3B1FECEF5200A5BB6A /* WaterFlowLayout */,
				20702E3A1FECEF5200A5BB6A /* Products */,
			);
			sourceTree = "<group>";
		};
		20702E3A1FECEF5200A5BB6A /* Products */ = {
			isa = PBXGroup;
			children = (
				20702E391FECEF5200A5BB6A /* WaterFlowLayout.app */,
			);
			name = Products;
			sourceTree = "<group>";
		};
		20702E3B1FECEF5200A5BB6A /* WaterFlowLayout */ = {
			isa = PBXGroup;
			children = (
				20702E3C1FECEF5200A5BB6A /* AppDelegate.h */,
				20702E3D1FECEF5200A5BB6A /* AppDelegate.m */,
				20702E3F1FECEF5200A5BB6A /* ViewController.h */,
				20702E401FECEF5200A5BB6A /* ViewController.m */,
				20702E421FECEF5200A5BB6A /* Main.storyboard */,
				20702E451FECEF5200A5BB6A /* Assets.xcassets */,
				20702E471FECEF5200A5BB6A /* LaunchScreen.storyboard */,
				20702E4A1FECEF5200A5BB6A /* Info.plist */,
				20702E4B1FECEF5200A5BB6A /* main.m */,
			);
			path = WaterFlowLayout;
			sourceTree = "<group>";
		};
/* End PBXGroup section */

/* Begin PBXNativeTarget section */
		20702E381FECEF5200A5BB6A /* WaterFlowLayout */ = {
			isa = PBXNativeTarget;
			buildConfigurationList = 20702E4F1FECEF5200A5BB6A /* Build configuration list for PBXNativeTarget "WaterFlowLayout" */;
			buildPhases = (
				20702E351FECEF5200A5BB6A /* Sources */,
				20702E361FECEF5200A5BB6A /* Frameworks */,
				20702E371FECEF5200A5BB6A /* Resources */,
			);
			buildRules = (
			);
			dependencies = (
			);
			name = WaterFlowLayout;
			productName = WaterFlowLayout;
			productReference = 20702E391FECEF5200A5BB6A /* WaterFlowLayout.app */;
			productType = "com.apple.product-type.application";
		};
/* End PBXNativeTarget section */

/* Begin PBXProject section */
		20702E311FECEF5200A5BB6A /* Project object */ = {
			isa = PBXProject;
			attributes = {
				LastUpgradeCheck = 0910;
				ORGANIZATIONNAME = warron;
				TargetAttributes = {
					20702E381FECEF5200A5BB6A = {
						CreatedOnToolsVersion = 9.1;
						ProvisioningStyle = Automatic;
					};
				};
			};
			buildConfigurationList = 20702E341FECEF5200A5BB6A /* Build configuration list for PBXProject "WaterFlowLayout" */;
			compatibilityVersion = "Xcode 8.0";
			developmentRegion = en;
			hasScannedForEncodings = 0;
			knownRegions = (
				en,
				Base,
			);
			mainGroup = 20702E301FECEF5200A5BB6A;
			productRefGroup = 20702E3A1FECEF5200A5BB6A /* Products */;
			projectDirPath = "";
			projectRoot = "";
			targets = (
				20702E381FECEF5200A5BB6A /* WaterFlowLayout */,
			);
		};
/* End PBXProject section */

/* Begin PBXResourcesBuildPhase section */
		20702E371FECEF5200A5BB6A /* Resources */ = {
			isa = PBXResourcesBuildPhase;
			buildActionMask = 2147483647;
			files = (
				20702E491FECEF5200A5BB6A /* LaunchScreen.storyboard in Resources */,
				20702E461FECEF5200A5BB6A /* Assets.xcassets in Resources */,
				20702E441FECEF5200A5BB6A /* Main.storyboard in Resources */,
			);
			runOnlyForDeploymentPostprocessing = 0;
		};
/* End PBXResourcesBuildPhase section */

/* Begin PBXSourcesBuildPhase section */
		20702E351FECEF5200A5BB6A /* Sources */ = {
			isa = PBXSourcesBuildPhase;
			buildActionMask = 2147483647;
			files = (
				20702E411FECEF5200A5BB6A /* ViewController.m in Sources */,
				20702E4C1FECEF5200A5BB6A /* main.m in Sources */,
				20702E3E1FECEF5200A5BB6A /* AppDelegate.m in Sources */,
			);
			runOnlyForDeploymentPostprocessing = 0;
		};
/* End PBXSourcesBuildPhase section */

/* Begin PBXVariantGroup section */
		20702E421FECEF5200A5BB6A /* Main.storyboard */ = {
			isa = PBXVariantGroup;
			children = (
				20702E431FECEF5200A5BB6A /* Base */,
			);
			name = Main.storyboard;
			sourceTree = "<group>";
		};
		20702E471FECEF5200A5BB6A /* LaunchScreen.storyboard */ = {
			isa = PBXVariantGroup;
			children = (
				20702E481FECEF5200A5BB6A /* Base */,
			);
			name = LaunchScreen.storyboard;
			sourceTree = "<group>";
		};
/* End PBXVariantGroup section */

/* Begin XCBuildConfiguration section */
		20702E4D1FECEF5200A5BB6A /* Debug */ = {
			isa = XCBuildConfiguration;
			buildSettings = {
				ALWAYS_SEARCH_USER_PATHS = NO;
				CLANG_ANALYZER_NONNULL = YES;
				CLANG_ANALYZER_NUMBER_OBJECT_CONVERSION = YES_AGGRESSIVE;
				CLANG_CXX_LANGUAGE_STANDARD = "gnu++14";
				CLANG_CXX_LIBRARY = "libc++";
				CLANG_ENABLE_MODULES = YES;
				CLANG_ENABLE_OBJC_ARC = YES;
				CLANG_WARN_BLOCK_CAPTURE_AUTORELEASING = YES;
				CLANG_WARN_BOOL_CONVERSION = YES;
				CLANG_WARN_COMMA = YES;
				CLANG_WARN_CONSTANT_CONVERSION = YES;
				CLANG_WARN_DIRECT_OBJC_ISA_USAGE = YES_ERROR;
				CLANG_WARN_DOCUMENTATION_COMMENTS = YES;
				CLANG_WARN_EMPTY_BODY = YES;
				CLANG_WARN_ENUM_CONVERSION = YES;
				CLANG_WARN_INFINITE_RECURSION = YES;
				CLANG_WARN_INT_CONVERSION = YES;
				CLANG_WARN_NON_LITERAL_NULL_CONVERSION = YES;
				CLANG_WARN_OBJC_LITERAL_CONVERSION = YES;
				CLANG_WARN_OBJC_ROOT_CLASS = YES_ERROR;
				CLANG_WARN_RANGE_LOOP_ANALYSIS = YES;
				CLANG_WARN_STRICT_PROTOTYPES = YES;
				CLANG_WARN_SUSPICIOUS_MOVE = YES;
				CLANG_WARN_UNGUARDED_AVAILABILITY = YES_AGGRESSIVE;
				CLANG_WARN_UNREACHABLE_CODE = YES;
				CLANG_WARN__DUPLICATE_METHOD_MATCH = YES;
				CODE_SIGN_IDENTITY = "iPhone Developer";
				COPY_PHASE_STRIP = NO;
				DEBUG_INFORMATION_FORMAT = dwarf;
				ENABLE_STRICT_OBJC_MSGSEND = YES;
				ENABLE_TESTABILITY = YES;
				GCC_C_LANGUAGE_STANDARD = gnu11;
				GCC_DYNAMIC_NO_PIC = NO;
				GCC_NO_COMMON_BLOCKS = YES;
				GCC_OPTIMIZATION_LEVEL = 0;
				GCC_PREPROCESSOR_DEFINITIONS = (
					"DEBUG=1",
					"$(inherited)",
				);
				GCC_WARN_64_TO_32_BIT_CONVERSION = YES;
				GCC_WARN_ABOUT_RETURN_TYPE = YES_ERROR;
				GCC_WARN_UNDECLARED_SELECTOR = YES;
				GCC_WARN_UNINITIALIZED_AUTOS = YES_AGGRESSIVE;
				GCC_WARN_UNUSED_FUNCTION = YES;
				GCC_WARN_UNUSED_VARIABLE = YES;
				IPHONEOS_DEPLOYMENT_TARGET = 11.1;
				MTL_ENABLE_DEBUG_INFO = YES;
				ONLY_ACTIVE_ARCH = YES;
				SDKROOT = iphoneos;
			};
			name = Debug;
		};
		20702E4E1FECEF5200A5BB6A /* Release */ = {
			isa = XCBuildConfiguration;
			buildSettings = {
				ALWAYS_SEARCH_USER_PATHS = NO;
				CLANG_ANALYZER_NONNULL = YES;
				CLANG_ANALYZER_NUMBER_OBJECT_CONVERSION = YES_AGGRESSIVE;
				CLANG_CXX_LANGUAGE_STANDARD = "gnu++14";
				CLANG_CXX_LIBRARY = "libc++";
				CLANG_ENABLE_MODULES = YES;
				CLANG_ENABLE_OBJC_ARC = YES;
				CLANG_WARN_BLOCK_CAPTURE_AUTORELEASING = YES;
				CLANG_WARN_BOOL_CONVERSION = YES;
				CLANG_WARN_COMMA = YES;
				CLANG_WARN_CONSTANT_CONVERSION = YES;
				CLANG_WARN_DIRECT_OBJC_ISA_USAGE = YES_ERROR;
				CLANG_WARN_DOCUMENTATION_COMMENTS = YES;
				CLANG_WARN_EMPTY_BODY = YES;
				CLANG_WARN_ENUM_CONVERSION = YES;
				CLANG_WARN_INFINITE_RECURSION = YES;
				CLANG_WARN_INT_CONVERSION = YES;
				CLANG_WARN_NON_LITERAL_NULL_CONVERSION = YES;
				CLANG_WARN_OBJC_LITERAL_CONVERSION = YES;
				CLANG_WARN_OBJC_ROOT_CLASS = YES_ERROR;
				CLANG_WARN_RANGE_LOOP_ANALYSIS = YES;
				CLANG_WARN_STRICT_PROTOTYPES = YES;
				CLANG_WARN_SUSPICIOUS_MOVE = YES;
				CLANG_WARN_UNGUARDED_AVAILABILITY = YES_AGGRESSIVE;
				CLANG_WARN_UNREACHABLE_CODE = YES;
				CLANG_WARN__DUPLICATE_METHOD_MATCH = YES;
				CODE_SIGN_IDENTITY = "iPhone Developer";
				COPY_PHASE_STRIP = NO;
				DEBUG_INFORMATION_FORMAT = "dwarf-with-dsym";
				ENABLE_NS_ASSERTIONS = NO;
				ENABLE_STRICT_OBJC_MSGSEND = YES;
				GCC_C_LANGUAGE_STANDARD = gnu11;
				GCC_NO_COMMON_BLOCKS = YES;
				GCC_WARN_64_TO_32_BIT_CONVERSION = YES;
				GCC_WARN_ABOUT_RETURN_TYPE = YES_ERROR;
				GCC_WARN_UNDECLARED_SELECTOR = YES;
				GCC_WARN_UNINITIALIZED_AUTOS = YES_AGGRESSIVE;
				GCC_WARN_UNUSED_FUNCTION = YES;
				GCC_WARN_UNUSED_VARIABLE = YES;
				IPHONEOS_DEPLOYMENT_TARGET = 11.1;
				MTL_ENABLE_DEBUG_INFO = NO;
				SDKROOT = iphoneos;
				VALIDATE_PRODUCT = YES;
			};
			name = Release;
		};
		20702E501FECEF5200A5BB6A /* Debug */ = {
			isa = XCBuildConfiguration;
			buildSettings = {
				ASSETCATALOG_COMPILER_APPICON_NAME = AppIcon;
				CODE_SIGN_STYLE = Automatic;
				DEVELOPMENT_TEAM = 682G272KAQ;
				INFOPLIST_FILE = WaterFlowLayout/Info.plist;
				LD_RUNPATH_SEARCH_PATHS = "$(inherited) @executable_path/Frameworks";
				PRODUCT_BUNDLE_IDENTIFIER = com.warron.WaterFlowLayout;
				PRODUCT_NAME = "$(TARGET_NAME)";
				TARGETED_DEVICE_FAMILY = "1,2";
			};
			name = Debug;
		};
		20702E511FECEF5200A5BB6A /* Release */ = {
			isa = XCBuildConfiguration;
			buildSettings = {
				ASSETCATALOG_COMPILER_APPICON_NAME = AppIcon;
				CODE_SIGN_STYLE = Automatic;
				DEVELOPMENT_TEAM = 682G272KAQ;
				INFOPLIST_FILE = WaterFlowLayout/Info.plist;
				LD_RUNPATH_SEARCH_PATHS = "$(inherited) @executable_path/Frameworks";
				PRODUCT_BUNDLE_IDENTIFIER = com.warron.WaterFlowLayout;
				PRODUCT_NAME = "$(TARGET_NAME)";
				TARGETED_DEVICE_FAMILY = "1,2";
			};
			name = Release;
		};
/* End XCBuildConfiguration section */

/* Begin XCConfigurationList section */
		20702E341FECEF5200A5BB6A /* Build configuration list for PBXProject "WaterFlowLayout" */ = {
			isa = XCConfigurationList;
			buildConfigurations = (
				20702E4D1FECEF5200A5BB6A /* Debug */,
				20702E4E1FECEF5200A5BB6A /* Release */,
			);
			defaultConfigurationIsVisible = 0;
			defaultConfigurationName = Release;
		};
		20702E4F1FECEF5200A5BB6A /* Build configuration list for PBXNativeTarget "WaterFlowLayout" */ = {
			isa = XCConfigurationList;
			buildConfigurations = (
				20702E501FECEF5200A5BB6A /* Debug */,
				20702E511FECEF5200A5BB6A /* Release */,
			);
			defaultConfigurationIsVisible = 0;
			defaultConfigurationName = Release;
		};
/* End XCConfigurationList section */
	};
	rootObject = 20702E311FECEF5200A5BB6A /* Project object */;
}
